
Microsoft Visual Studio Solution File, Format Version 12.00
# Visual Studio Version 17
VisualStudioVersion = 17.14.36221.1 d17.14
MinimumVisualStudioVersion = 10.0.40219.1
Project("{FAE04EC0-301F-11D3-BF4B-00C04F79EFBC}") = "SALVO_Act1", "SALVO_Act1\SALVO_Act1.csproj", "{7825B63A-9997-41F9-970B-A495EE2582B0}"
EndProject
Global
	GlobalSection(SolutionConfigurationPlatforms) = preSolution
		Debug|Any CPU = Debug|Any CPU
		Release|Any CPU = Release|Any CPU
	EndGlobalSection
	GlobalSection(ProjectConfigurationPlatforms) = postSolution
		{7825B63A-9997-41F9-970B-A495EE2582B0}.Debug|Any CPU.ActiveCfg = Debug|Any CPU
		{7825B63A-9997-41F9-970B-A495EE2582B0}.Debug|Any CPU.Build.0 = Debug|Any CPU
		{7825B63A-9997-41F9-970B-A495EE2582B0}.Release|Any CPU.ActiveCfg = Release|Any CPU
		{7825B63A-9997-41F9-970B-A495EE2582B0}.Release|Any CPU.Build.0 = Release|Any CPU
	EndGlobalSection
	GlobalSection(SolutionProperties) = preSolution
		HideSolutionNode = FALSE
	EndGlobalSection
	GlobalSection(ExtensibilityGlobals) = postSolution
		SolutionGuid = {595B5B8E-C06E-43B6-AB69-FF1AE9353EF0}
	EndGlobalSection
EndGlobal
