
Microsoft Visual Studio Solution File, Format Version 12.00
# Visual Studio Version 17
VisualStudioVersion = 17.14.36221.1 d17.14
MinimumVisualStudioVersion = 10.0.40219.1
Project("{FAE04EC0-301F-11D3-BF4B-00C04F79EFBC}") = "Salvo_Act3", "Salvo_Act3\Salvo_Act3.csproj", "{BEF60FC5-13C3-4E8E-A779-905E30591B68}"
EndProject
Global
	GlobalSection(SolutionConfigurationPlatforms) = preSolution
		Debug|Any CPU = Debug|Any CPU
		Release|Any CPU = Release|Any CPU
	EndGlobalSection
	GlobalSection(ProjectConfigurationPlatforms) = postSolution
		{BEF60FC5-13C3-4E8E-A779-905E30591B68}.Debug|Any CPU.ActiveCfg = Debug|Any CPU
		{BEF60FC5-13C3-4E8E-A779-905E30591B68}.Debug|Any CPU.Build.0 = Debug|Any CPU
		{BEF60FC5-13C3-4E8E-A779-905E30591B68}.Release|Any CPU.ActiveCfg = Release|Any CPU
		{BEF60FC5-13C3-4E8E-A779-905E30591B68}.Release|Any CPU.Build.0 = Release|Any CPU
	EndGlobalSection
	GlobalSection(SolutionProperties) = preSolution
		HideSolutionNode = FALSE
	EndGlobalSection
	GlobalSection(ExtensibilityGlobals) = postSolution
		SolutionGuid = {1324DDA4-A810-433E-B0F1-EAE70EA6CE70}
	EndGlobalSection
EndGlobal
